{
  "lockfile-version": 0,
  "manifest": {
    "hook": {},
    "install": {
      "tree": {
        "pkg-path": "tree"
      }
    },
    "options": {
      "systems": [
        "aarch64-darwin"
      ]
    },
    "profile": {
      "common": "  eval $(opam env --switch=tutorial)\n"
    },
    "registry": {
      "defaults": {
        "subtrees": null
      },
      "inputs": {
        "nixpkgs": {
          "from": {
            "owner": "NixOS",
            "ref": "release-23.11",
            "repo": "nixpkgs",
            "type": "github"
          },
          "subtrees": [
            "legacyPackages"
          ]
        }
      },
      "priority": [
        "nixpkgs"
      ]
    },
    "vars": {}
  },
  "packages": {
    "aarch64-darwin": {
      "tree": {
        "attr-path": [
          "legacyPackages",
          "aarch64-darwin",
          "tree"
        ],
        "info": {
          "broken": false,
          "description": "Command to produce a depth indented directory listing",
          "license": "GPL-2.0",
          "pname": "tree",
          "unfree": false,
          "version": "2.1.1"
        },
        "input": {
          "attrs": {
            "lastModified": 1712939125,
            "narHash": "sha256-G3wznglfDwSYF8obg+zVqJqA/fPmJnzgaELq4kTCopI=",
            "owner": "NixOS",
            "repo": "nixpkgs",
            "rev": "ec877443d62ed5268c741656657d1319554a55f4",
            "type": "github"
          },
          "fingerprint": "8e9bee13e203258811c8ec45216f6bf4926e7e180ffc8ed2e2bc2a5d90f40af2",
          "url": "github:NixOS/nixpkgs/ec877443d62ed5268c741656657d1319554a55f4"
        },
        "priority": 5
      }
    }
  },
  "registry": {
    "defaults": {
      "subtrees": null
    },
    "inputs": {
      "nixpkgs": {
        "from": {
          "lastModified": 1712939125,
          "narHash": "sha256-G3wznglfDwSYF8obg+zVqJqA/fPmJnzgaELq4kTCopI=",
          "owner": "NixOS",
          "repo": "nixpkgs",
          "rev": "ec877443d62ed5268c741656657d1319554a55f4",
          "type": "github"
        },
        "subtrees": [
          "legacyPackages"
        ]
      }
    },
    "priority": [
      "nixpkgs"
    ]
  }
}